# This file was autogenerated by Stack.
# You should not edit this file by hand.
# For more information, please see the documentation at:
#   https://docs.haskellstack.org/en/stable/lock_files

packages:
- completed:
    hackage: groupBy-0.1.0.0@sha256:9bd0c5e6bbfaf793f6e816a072bcb085dba1149bf282e998567eaaed8d0efec4,1720
    pantry-tree:
      size: 450
      sha256: 40726b0c6e42fc119f6c5a413fd81353cd69e3fd8893fec6e9ff50ccfc51172c
  original:
    hackage: groupBy-0.1.0.0
- completed:
    hackage: memoize-1.0.0@sha256:a74838307680c23eb563d891da3293d04b2661235a91448464864720ecda38da,1882
    pantry-tree:
      size: 586
      sha256: da9be427a268417fe06e3960fe116123e6cdd4b9a108e47cf0f371bcc71e8d85
  original:
    hackage: memoize-1.0.0
snapshots:
- completed:
    size: 586069
    url: https://raw.githubusercontent.com/commercialhaskell/stackage-snapshots/master/lts/18/14.yaml
    sha256: 87842ecbaa8ca9cee59a7e6be52369dbed82ed075cb4e0d152614a627e8fd488
  original:
    url: https://raw.githubusercontent.com/commercialhaskell/stackage-snapshots/master/lts/18/14.yaml
